
Microsoft Visual Studio Solution File, Format Version 12.00
# Visual Studio Version 17
VisualStudioVersion = 17.1.32328.378
MinimumVisualStudioVersion = 10.0.40219.1
Project("{8BC9CEB8-8B4A-11D0-8D11-00A0C91BC942}") = "main-mystrcpy", "main-mystrcpy\main-mystrcpy.vcxproj", "{EAF9459E-35C8-4C0A-9F84-9992C0EBC54A}"
EndProject
Project("{8BC9CEB8-8B4A-11D0-8D11-00A0C91BC942}") = "main-foo-victim-mystrcpy", "main-foo-victim-mystrcpy\main-foo-victim-mystrcpy.vcxproj", "{D5C8BE25-F063-4AB3-B0C9-778CC9B98ED0}"
EndProject
Project("{8BC9CEB8-8B4A-11D0-8D11-00A0C91BC942}") = "default-setting_main-foo-victim-mystrcpy", "default-setting_main-foo-victim-mystrcpy\default-setting_main-foo-victim-mystrcpy.vcxproj", "{F8C72495-0869-4EF7-9EF2-534C9F774202}"
EndProject
Global
	GlobalSection(SolutionConfigurationPlatforms) = preSolution
		Debug|x64 = Debug|x64
		Debug|x86 = Debug|x86
		Release|x64 = Release|x64
		Release|x86 = Release|x86
	EndGlobalSection
	GlobalSection(ProjectConfigurationPlatforms) = postSolution
		{EAF9459E-35C8-4C0A-9F84-9992C0EBC54A}.Debug|x64.ActiveCfg = Debug|x64
		{EAF9459E-35C8-4C0A-9F84-9992C0EBC54A}.Debug|x64.Build.0 = Debug|x64
		{EAF9459E-35C8-4C0A-9F84-9992C0EBC54A}.Debug|x86.ActiveCfg = Debug|Win32
		{EAF9459E-35C8-4C0A-9F84-9992C0EBC54A}.Debug|x86.Build.0 = Debug|Win32
		{EAF9459E-35C8-4C0A-9F84-9992C0EBC54A}.Release|x64.ActiveCfg = Release|x64
		{EAF9459E-35C8-4C0A-9F84-9992C0EBC54A}.Release|x64.Build.0 = Release|x64
		{EAF9459E-35C8-4C0A-9F84-9992C0EBC54A}.Release|x86.ActiveCfg = Release|Win32
		{EAF9459E-35C8-4C0A-9F84-9992C0EBC54A}.Release|x86.Build.0 = Release|Win32
		{D5C8BE25-F063-4AB3-B0C9-778CC9B98ED0}.Debug|x64.ActiveCfg = Debug|x64
		{D5C8BE25-F063-4AB3-B0C9-778CC9B98ED0}.Debug|x64.Build.0 = Debug|x64
		{D5C8BE25-F063-4AB3-B0C9-778CC9B98ED0}.Debug|x86.ActiveCfg = Debug|Win32
		{D5C8BE25-F063-4AB3-B0C9-778CC9B98ED0}.Debug|x86.Build.0 = Debug|Win32
		{D5C8BE25-F063-4AB3-B0C9-778CC9B98ED0}.Release|x64.ActiveCfg = Release|x64
		{D5C8BE25-F063-4AB3-B0C9-778CC9B98ED0}.Release|x64.Build.0 = Release|x64
		{D5C8BE25-F063-4AB3-B0C9-778CC9B98ED0}.Release|x86.ActiveCfg = Release|Win32
		{D5C8BE25-F063-4AB3-B0C9-778CC9B98ED0}.Release|x86.Build.0 = Release|Win32
		{F8C72495-0869-4EF7-9EF2-534C9F774202}.Debug|x64.ActiveCfg = Debug|x64
		{F8C72495-0869-4EF7-9EF2-534C9F774202}.Debug|x64.Build.0 = Debug|x64
		{F8C72495-0869-4EF7-9EF2-534C9F774202}.Debug|x86.ActiveCfg = Debug|Win32
		{F8C72495-0869-4EF7-9EF2-534C9F774202}.Debug|x86.Build.0 = Debug|Win32
		{F8C72495-0869-4EF7-9EF2-534C9F774202}.Release|x64.ActiveCfg = Release|x64
		{F8C72495-0869-4EF7-9EF2-534C9F774202}.Release|x64.Build.0 = Release|x64
		{F8C72495-0869-4EF7-9EF2-534C9F774202}.Release|x86.ActiveCfg = Release|Win32
		{F8C72495-0869-4EF7-9EF2-534C9F774202}.Release|x86.Build.0 = Release|Win32
	EndGlobalSection
	GlobalSection(SolutionProperties) = preSolution
		HideSolutionNode = FALSE
	EndGlobalSection
	GlobalSection(ExtensibilityGlobals) = postSolution
		SolutionGuid = {3EA55C34-FE52-4AFA-B9DC-063CFDC34EC3}
	EndGlobalSection
EndGlobal
